
Microsoft Visual Studio Solution File, Format Version 12.00
# Visual Studio Version 16
VisualStudioVersion = 16.0.31702.278
MinimumVisualStudioVersion = 10.0.40219.1
Project("{FAE04EC0-301F-11D3-BF4B-00C04F79EFBC}") = "BaryshevPaymentsExampleApp", "BaryshevPaymentsExampleApp\BaryshevPaymentsExampleApp.csproj", "{A9DB1E5C-B006-4BA7-87D8-7D68555D8EF4}"
EndProject
Global
	GlobalSection(SolutionConfigurationPlatforms) = preSolution
		Debug|Any CPU = Debug|Any CPU
		Release|Any CPU = Release|Any CPU
	EndGlobalSection
	GlobalSection(ProjectConfigurationPlatforms) = postSolution
		{A9DB1E5C-B006-4BA7-87D8-7D68555D8EF4}.Debug|Any CPU.ActiveCfg = Debug|Any CPU
		{A9DB1E5C-B006-4BA7-87D8-7D68555D8EF4}.Debug|Any CPU.Build.0 = Debug|Any CPU
		{A9DB1E5C-B006-4BA7-87D8-7D68555D8EF4}.Release|Any CPU.ActiveCfg = Release|Any CPU
		{A9DB1E5C-B006-4BA7-87D8-7D68555D8EF4}.Release|Any CPU.Build.0 = Release|Any CPU
	EndGlobalSection
	GlobalSection(SolutionProperties) = preSolution
		HideSolutionNode = FALSE
	EndGlobalSection
	GlobalSection(ExtensibilityGlobals) = postSolution
		SolutionGuid = {8CB71978-7BAC-4A5E-9248-A28A09A36B37}
	EndGlobalSection
EndGlobal
